
Microsoft Visual Studio Solution File, Format Version 12.00
# Visual Studio Version 16
VisualStudioVersion = 16.0.30621.155
MinimumVisualStudioVersion = 10.0.40219.1
Project("{FAE04EC0-301F-11D3-BF4B-00C04F79EFBC}") = "TechnicalTestXBIM", "TechnicalTestXBIM\TechnicalTestXBIM.csproj", "{A14383A6-A097-42CB-8BB1-93C243C40675}"
EndProject
Global
	GlobalSection(SolutionConfigurationPlatforms) = preSolution
		Debug|Any CPU = Debug|Any CPU
		Release|Any CPU = Release|Any CPU
	EndGlobalSection
	GlobalSection(ProjectConfigurationPlatforms) = postSolution
		{A14383A6-A097-42CB-8BB1-93C243C40675}.Debug|Any CPU.ActiveCfg = Debug|Any CPU
		{A14383A6-A097-42CB-8BB1-93C243C40675}.Debug|Any CPU.Build.0 = Debug|Any CPU
		{A14383A6-A097-42CB-8BB1-93C243C40675}.Release|Any CPU.ActiveCfg = Release|Any CPU
		{A14383A6-A097-42CB-8BB1-93C243C40675}.Release|Any CPU.Build.0 = Release|Any CPU
	EndGlobalSection
	GlobalSection(SolutionProperties) = preSolution
		HideSolutionNode = FALSE
	EndGlobalSection
	GlobalSection(ExtensibilityGlobals) = postSolution
		SolutionGuid = {D060D2C7-F2BC-4C5C-BB2B-232B03F70905}
	EndGlobalSection
EndGlobal
